
Microsoft Visual Studio Solution File, Format Version 12.00
# Visual Studio Version 16
VisualStudioVersion = 16.0.29613.14
MinimumVisualStudioVersion = 10.0.40219.1
Project("{FAE04EC0-301F-11D3-BF4B-00C04F79EFBC}") = "Gigya.Socialize.SDK", "Gigya.Socialize.SDK.csproj", "{BB96A02D-4C4B-48F0-9AA4-E73B186F3151}"
EndProject
Project("{FAE04EC0-301F-11D3-BF4B-00C04F79EFBC}") = "SDK_Tester", "..\SDK_Tester\SDK_Tester.csproj", "{D1779394-5B0B-40B7-B049-D72CBEB7AA10}"
EndProject
Project("{FAE04EC0-301F-11D3-BF4B-00C04F79EFBC}") = "SDK_Console_Tester", "..\SDK_Console_Tester\SDK_Console_Tester.csproj", "{CAFC3686-33A2-45E5-9E92-FE671FD3AE92}"
EndProject
Project("{FAE04EC0-301F-11D3-BF4B-00C04F79EFBC}") = "Gigya.Socialize.SDK.Jwt.UnitTests", "..\Gigya.Socialize.SDK.Jwt.UnitTests\Gigya.Socialize.SDK.Jwt.UnitTests.csproj", "{F5FB9B60-DAF6-40CA-9882-4B3B8DD40384}"
EndProject
Global
	GlobalSection(SolutionConfigurationPlatforms) = preSolution
		Debug|Any CPU = Debug|Any CPU
		Debug|Mixed Platforms = Debug|Mixed Platforms
		Debug|x86 = Debug|x86
		Release|Any CPU = Release|Any CPU
		Release|Mixed Platforms = Release|Mixed Platforms
		Release|x86 = Release|x86
	EndGlobalSection
	GlobalSection(ProjectConfigurationPlatforms) = postSolution
		{BB96A02D-4C4B-48F0-9AA4-E73B186F3151}.Debug|Any CPU.ActiveCfg = Debug|Any CPU
		{BB96A02D-4C4B-48F0-9AA4-E73B186F3151}.Debug|Any CPU.Build.0 = Debug|Any CPU
		{BB96A02D-4C4B-48F0-9AA4-E73B186F3151}.Debug|Mixed Platforms.ActiveCfg = Debug|Any CPU
		{BB96A02D-4C4B-48F0-9AA4-E73B186F3151}.Debug|Mixed Platforms.Build.0 = Debug|Any CPU
		{BB96A02D-4C4B-48F0-9AA4-E73B186F3151}.Debug|x86.ActiveCfg = Debug|Any CPU
		{BB96A02D-4C4B-48F0-9AA4-E73B186F3151}.Release|Any CPU.ActiveCfg = Release|Any CPU
		{BB96A02D-4C4B-48F0-9AA4-E73B186F3151}.Release|Any CPU.Build.0 = Release|Any CPU
		{BB96A02D-4C4B-48F0-9AA4-E73B186F3151}.Release|Mixed Platforms.ActiveCfg = Release|Any CPU
		{BB96A02D-4C4B-48F0-9AA4-E73B186F3151}.Release|Mixed Platforms.Build.0 = Release|Any CPU
		{BB96A02D-4C4B-48F0-9AA4-E73B186F3151}.Release|x86.ActiveCfg = Release|Any CPU
		{D1779394-5B0B-40B7-B049-D72CBEB7AA10}.Debug|Any CPU.ActiveCfg = Debug|x86
		{D1779394-5B0B-40B7-B049-D72CBEB7AA10}.Debug|Mixed Platforms.ActiveCfg = Debug|x86
		{D1779394-5B0B-40B7-B049-D72CBEB7AA10}.Debug|Mixed Platforms.Build.0 = Debug|x86
		{D1779394-5B0B-40B7-B049-D72CBEB7AA10}.Debug|x86.ActiveCfg = Debug|x86
		{D1779394-5B0B-40B7-B049-D72CBEB7AA10}.Debug|x86.Build.0 = Debug|x86
		{D1779394-5B0B-40B7-B049-D72CBEB7AA10}.Release|Any CPU.ActiveCfg = Release|x86
		{D1779394-5B0B-40B7-B049-D72CBEB7AA10}.Release|Mixed Platforms.ActiveCfg = Release|x86
		{D1779394-5B0B-40B7-B049-D72CBEB7AA10}.Release|Mixed Platforms.Build.0 = Release|x86
		{D1779394-5B0B-40B7-B049-D72CBEB7AA10}.Release|x86.ActiveCfg = Release|x86
		{D1779394-5B0B-40B7-B049-D72CBEB7AA10}.Release|x86.Build.0 = Release|x86
		{CAFC3686-33A2-45E5-9E92-FE671FD3AE92}.Debug|Any CPU.ActiveCfg = Debug|x86
		{CAFC3686-33A2-45E5-9E92-FE671FD3AE92}.Debug|Mixed Platforms.ActiveCfg = Debug|x86
		{CAFC3686-33A2-45E5-9E92-FE671FD3AE92}.Debug|Mixed Platforms.Build.0 = Debug|x86
		{CAFC3686-33A2-45E5-9E92-FE671FD3AE92}.Debug|x86.ActiveCfg = Debug|x86
		{CAFC3686-33A2-45E5-9E92-FE671FD3AE92}.Debug|x86.Build.0 = Debug|x86
		{CAFC3686-33A2-45E5-9E92-FE671FD3AE92}.Release|Any CPU.ActiveCfg = Release|x86
		{CAFC3686-33A2-45E5-9E92-FE671FD3AE92}.Release|Mixed Platforms.ActiveCfg = Release|x86
		{CAFC3686-33A2-45E5-9E92-FE671FD3AE92}.Release|Mixed Platforms.Build.0 = Release|x86
		{CAFC3686-33A2-45E5-9E92-FE671FD3AE92}.Release|x86.ActiveCfg = Release|x86
		{CAFC3686-33A2-45E5-9E92-FE671FD3AE92}.Release|x86.Build.0 = Release|x86
		{F5FB9B60-DAF6-40CA-9882-4B3B8DD40384}.Debug|Any CPU.ActiveCfg = Debug|Any CPU
		{F5FB9B60-DAF6-40CA-9882-4B3B8DD40384}.Debug|Any CPU.Build.0 = Debug|Any CPU
		{F5FB9B60-DAF6-40CA-9882-4B3B8DD40384}.Debug|Mixed Platforms.ActiveCfg = Debug|Any CPU
		{F5FB9B60-DAF6-40CA-9882-4B3B8DD40384}.Debug|Mixed Platforms.Build.0 = Debug|Any CPU
		{F5FB9B60-DAF6-40CA-9882-4B3B8DD40384}.Debug|x86.ActiveCfg = Debug|Any CPU
		{F5FB9B60-DAF6-40CA-9882-4B3B8DD40384}.Debug|x86.Build.0 = Debug|Any CPU
		{F5FB9B60-DAF6-40CA-9882-4B3B8DD40384}.Release|Any CPU.ActiveCfg = Release|Any CPU
		{F5FB9B60-DAF6-40CA-9882-4B3B8DD40384}.Release|Any CPU.Build.0 = Release|Any CPU
		{F5FB9B60-DAF6-40CA-9882-4B3B8DD40384}.Release|Mixed Platforms.ActiveCfg = Release|Any CPU
		{F5FB9B60-DAF6-40CA-9882-4B3B8DD40384}.Release|Mixed Platforms.Build.0 = Release|Any CPU
		{F5FB9B60-DAF6-40CA-9882-4B3B8DD40384}.Release|x86.ActiveCfg = Release|Any CPU
		{F5FB9B60-DAF6-40CA-9882-4B3B8DD40384}.Release|x86.Build.0 = Release|Any CPU
	EndGlobalSection
	GlobalSection(SolutionProperties) = preSolution
		HideSolutionNode = FALSE
	EndGlobalSection
	GlobalSection(ExtensibilityGlobals) = postSolution
		SolutionGuid = {57875ADB-2910-4522-B40D-D44DFB1E69FA}
	EndGlobalSection
EndGlobal
